	<Project xmlns="http://schemas.microsoft.com/developer/msbuild/2003">
		<PropertyGroup>
			<ProjectGuid>{69316435-BD66-4B2F-BA00-652B18A9B854}</ProjectGuid>
			<MainSource>FastcodeMMChallenge_D2010.dpr</MainSource>
			<Config Condition="'$(Config)'==''">Release</Config>
			<DCC_DCCCompiler>DCC32</DCC_DCCCompiler>
			<ProjectVersion>12.0</ProjectVersion>
		</PropertyGroup>
		<PropertyGroup Condition="'$(Config)'=='Base' or '$(Base)'!=''">
			<Base>true</Base>
		</PropertyGroup>
		<PropertyGroup Condition="'$(Config)'=='Release' or '$(Cfg_1)'!=''">
			<Cfg_1>true</Cfg_1>
			<CfgParent>Base</CfgParent>
			<Base>true</Base>
		</PropertyGroup>
		<PropertyGroup Condition="'$(Config)'=='Debug' or '$(Cfg_2)'!=''">
			<Cfg_2>true</Cfg_2>
			<CfgParent>Base</CfgParent>
			<Base>true</Base>
		</PropertyGroup>
		<PropertyGroup Condition="'$(Base)'!=''">
			<DCC_Define>MM_D2010MM;$(DCC_Define)</DCC_Define>
			<DCC_DependencyCheckOutputName>FastcodeMMChallenge_D2010.exe</DCC_DependencyCheckOutputName>
			<ImageDebugInfo>true</ImageDebugInfo>
			<DCC_DebugDCUs>true</DCC_DebugDCUs>
			<DCC_StringChecks>off</DCC_StringChecks>
			<DCC_Optimize>false</DCC_Optimize>
			<DCC_GenerateStackFrames>true</DCC_GenerateStackFrames>
			<DCC_DebugInfoInExe>true</DCC_DebugInfoInExe>
			<DCC_MapFile>3</DCC_MapFile>
			<DCC_UsePackage>vcl;rtl;vclx;vclimg;vclactnband;dbrtl;vcldb;vcltouch;xmlrtl;dsnap;dsnapcon;bdertl;TeeUI;TeeDB;Tee;adortl;IndyCore;IndySystem;IndyProtocols;VclSmp;vclribbon;DbxClientDriver;DbxCommonDriver;DBXInterBaseDriver;DBXMySQLDriver;dbxcds;dbexpress;acnt2010_R;RBKD2010;tmsd2010;VaComm2010;VirtualTreesD2010;VirtualTreesD2010Extra;vclie;frx14;frxADO14;frxcs14;frxDB14;inet;RemObjects_Indy_D14;tmsexd2010;tmswizd2010;tmsxlsd2010;inetdbbde;inetdbxpress;soaprtl;Jcl</DCC_UsePackage>
			<DCC_ImageBase>00400000</DCC_ImageBase>
			<DCC_Platform>x86</DCC_Platform>
		</PropertyGroup>
		<PropertyGroup Condition="'$(Cfg_1)'!=''">
			<DCC_RemoteDebug>true</DCC_RemoteDebug>
			<DCC_Define>RELEASE;$(DCC_Define)</DCC_Define>
		</PropertyGroup>
		<PropertyGroup Condition="'$(Cfg_2)'!=''">
			<DCC_Define>DEBUG;$(DCC_Define)</DCC_Define>
		</PropertyGroup>
		<ItemGroup>
			<DelphiCompile Include="FastcodeMMChallenge_D2010.dpr">
				<MainSource>MainSource</MainSource>
			</DelphiCompile>
			<DCCReference Include="BenchmarkUtilities.pas"/>
			<DCCReference Include="BenchmarkForm.pas">
				<Form>fBenchmark</Form>
			</DCCReference>
			<DCCReference Include="RenameMMForm.pas">
				<Form>fRenameMM</Form>
			</DCCReference>
			<DCCReference Include="FragmentationTestUnit.pas"/>
			<DCCReference Include="NexusDBBenchmarkUnit.pas"/>
			<DCCReference Include="ReallocMemBenchmark.pas"/>
			<DCCReference Include="DownsizeTestUnit.pas"/>
			<DCCReference Include="ReplayBenchmarkUnit.pas"/>
			<DCCReference Include="WildThreadsBenchmarkUnit.pas"/>
			<DCCReference Include="BlockSizeSpreadBenchmark.pas"/>
			<DCCReference Include="SmallUpsizeBenchmark.pas"/>
			<DCCReference Include="SmallDownsizeBenchmark.pas"/>
			<DCCReference Include="RawPerformanceSingleThread.pas"/>
			<DCCReference Include="RawPerformanceMultiThread.pas"/>
			<DCCReference Include="GraphsForm.pas">
				<Form>fGraphs</Form>
			</DCCReference>
			<DCCReference Include="AddressSpaceCreepBenchmark.pas"/>
			<DCCReference Include="LargeBlockSpreadBenchmark.pas"/>
			<DCCReference Include="StringThread.pas"/>
			<DCCReference Include="StringThreadTestUnit.pas"/>
			<DCCReference Include="ArrayUpsizeSingleThread.pas"/>
			<DCCReference Include="SingleFPBenchmark1Unit.pas"/>
			<DCCReference Include="DoubleFPBenchmark1Unit.pas"/>
			<DCCReference Include="DoubleFPBenchmark2Unit.pas"/>
			<DCCReference Include="DoubleFPBenchmark3Unit.pas"/>
			<DCCReference Include="MoveBenchmark1Unit.pas"/>
			<DCCReference Include="MoveBenchmark2Unit.pas"/>
			<DCCReference Include="AddressSpaceCreepBenchmarkLarge.pas"/>
			<DCCReference Include="LinkedListBenchmark.pas"/>
			<DCCReference Include="BenchmarkClassUnit.pas"/>
			<DCCReference Include="MultiThreadedAllocAndFree.pas"/>
			<DCCReference Include="MultiThreadedReallocate.pas"/>
			<DCCReference Include="SingleThreadedAllocAndFree.pas"/>
			<DCCReference Include="SingleThreadedReallocate.pas"/>
			<DCCReference Include="SortIntArrayBenchmark2Unit.pas"/>
			<DCCReference Include="SortExtendedArrayBenchmark2Unit.pas"/>
			<DCCReference Include="SingleThreadedAllocMem.pas"/>
			<DCCReference Include="MMvalidation.pas"/>
			<DCCReference Include="GeneralFunctions.pas"/>
			<BuildConfiguration Include="Base">
				<Key>Base</Key>
			</BuildConfiguration>
			<BuildConfiguration Include="Debug">
				<Key>Cfg_2</Key>
				<CfgParent>Base</CfgParent>
			</BuildConfiguration>
			<BuildConfiguration Include="Release">
				<Key>Cfg_1</Key>
				<CfgParent>Base</CfgParent>
			</BuildConfiguration>
		</ItemGroup>
		<Import Project="$(BDS)\Bin\CodeGear.Delphi.Targets" Condition="Exists('$(BDS)\Bin\CodeGear.Delphi.Targets')"/>
		<ProjectExtensions>
			<Borland.Personality>Delphi.Personality.12</Borland.Personality>
			<Borland.ProjectType>VCLApplication</Borland.ProjectType>
			<BorlandProject>
				<Delphi.Personality>
					<Source>
						<Source Name="MainSource">FastcodeMMChallenge_D2010.dpr</Source>
					</Source>
					<Parameters>
						<Parameters Name="UseLauncher">False</Parameters>
						<Parameters Name="LoadAllSymbols">True</Parameters>
						<Parameters Name="LoadUnspecifiedSymbols">False</Parameters>
					</Parameters>
					<VersionInfo>
						<VersionInfo Name="IncludeVerInfo">True</VersionInfo>
						<VersionInfo Name="AutoIncBuild">False</VersionInfo>
						<VersionInfo Name="MajorVer">1</VersionInfo>
						<VersionInfo Name="MinorVer">0</VersionInfo>
						<VersionInfo Name="Release">0</VersionInfo>
						<VersionInfo Name="Build">3</VersionInfo>
						<VersionInfo Name="Debug">False</VersionInfo>
						<VersionInfo Name="PreRelease">False</VersionInfo>
						<VersionInfo Name="Special">False</VersionInfo>
						<VersionInfo Name="Private">False</VersionInfo>
						<VersionInfo Name="DLL">False</VersionInfo>
						<VersionInfo Name="Locale">1043</VersionInfo>
						<VersionInfo Name="CodePage">1252</VersionInfo>
					</VersionInfo>
					<VersionInfoKeys>
						<VersionInfoKeys Name="CompanyName"/>
						<VersionInfoKeys Name="FileDescription"/>
						<VersionInfoKeys Name="FileVersion">1.0.0.3</VersionInfoKeys>
						<VersionInfoKeys Name="InternalName"/>
						<VersionInfoKeys Name="LegalCopyright"/>
						<VersionInfoKeys Name="LegalTrademarks"/>
						<VersionInfoKeys Name="OriginalFilename"/>
						<VersionInfoKeys Name="ProductName"/>
						<VersionInfoKeys Name="ProductVersion">1.0.0.0</VersionInfoKeys>
						<VersionInfoKeys Name="Comments"/>
						<VersionInfoKeys Name="Last Compile">2010-05-14 13:57</VersionInfoKeys>
						<VersionInfoKeys Name="LastCompiledTime">7-12-2010 15:29:36</VersionInfoKeys>
					</VersionInfoKeys>
					<Excluded_Packages>
						<Excluded_Packages Name="$(BDS)\bin\dclbde140.bpl">Embarcadero BDE DB Components</Excluded_Packages>
						<Excluded_Packages Name="$(BDS)\Bin\dclib140.bpl">Embarcadero InterBase Express Components</Excluded_Packages>
						<Excluded_Packages Name="$(BDS)\bin\dclIntraweb_100_140.bpl">VCL for the Web 10.0  Design Package for CodeGear RAD Studio</Excluded_Packages>
						<Excluded_Packages Name="$(BDS)\bin\dclie140.bpl">Internet Explorer Components</Excluded_Packages>
						<Excluded_Packages Name="$(BDS)\bin\dclwebsnap140.bpl">Embarcadero WebSnap Components</Excluded_Packages>
						<Excluded_Packages Name="$(BDS)\bin\dclsoap140.bpl">Embarcadero SOAP Components</Excluded_Packages>
						<Excluded_Packages Name="$(BDS)\bin\dcloffice2k140.bpl">Microsoft Office 2000 Sample Automation Server Wrapper Components</Excluded_Packages>
						<Excluded_Packages Name="$(BDS)\bin\dclofficexp140.bpl">Microsoft Office XP Sample Automation Server Wrapper Components</Excluded_Packages>
					</Excluded_Packages>
				</Delphi.Personality>
			</BorlandProject>
			<ProjectFileVersion>12</ProjectFileVersion>
		</ProjectExtensions>
	</Project>
